// !$*UTF8*$!
{
	archiveVersion = 1;
	classes = {
	};
	objectVersion = 56;
	objects = {

/* Begin PBXBuildFile section */
		A10000000000000000000001 /* DrKenStudioApp.swift in Sources */ = {isa = PBXBuildFile; fileRef = A20000000000000000000001 /* DrKenStudioApp.swift */; };
		A10000000000000000000002 /* AppState.swift in Sources */ = {isa = PBXBuildFile; fileRef = A20000000000000000000002 /* AppState.swift */; };
		A10000000000000000000003 /* Models.swift in Sources */ = {isa = PBXBuildFile; fileRef = A20000000000000000000003 /* Models.swift */; };
		A10000000000000000000004 /* APIClient.swift in Sources */ = {isa = PBXBuildFile; fileRef = A20000000000000000000004 /* APIClient.swift */; };
		A10000000000000000000005 /* Haptics.swift in Sources */ = {isa = PBXBuildFile; fileRef = A20000000000000000000005 /* Haptics.swift */; };
		A10000000000000000000006 /* PushNotificationManager.swift in Sources */ = {isa = PBXBuildFile; fileRef = A20000000000000000000006 /* PushNotificationManager.swift */; };
		A10000000000000000000007 /* AppTheme.swift in Sources */ = {isa = PBXBuildFile; fileRef = A20000000000000000000007 /* AppTheme.swift */; };
		A10000000000000000000008 /* RootView.swift in Sources */ = {isa = PBXBuildFile; fileRef = A20000000000000000000008 /* RootView.swift */; };
		A10000000000000000000009 /* AccountHubView.swift in Sources */ = {isa = PBXBuildFile; fileRef = A20000000000000000000009 /* AccountHubView.swift */; };
		A1000000000000000000000A /* SettingsView.swift in Sources */ = {isa = PBXBuildFile; fileRef = A2000000000000000000000A /* SettingsView.swift */; };
		A1000000000000000000000B /* NewOrderHomeView.swift in Sources */ = {isa = PBXBuildFile; fileRef = A2000000000000000000000B /* NewOrderHomeView.swift */; };
		A1000000000000000000000C /* OrderWizardView.swift in Sources */ = {isa = PBXBuildFile; fileRef = A2000000000000000000000C /* OrderWizardView.swift */; };
		A1000000000000000000000D /* OrdersHubView.swift in Sources */ = {isa = PBXBuildFile; fileRef = A2000000000000000000000D /* OrdersHubView.swift */; };
		A1000000000000000000000E /* OrderDetailView.swift in Sources */ = {isa = PBXBuildFile; fileRef = A2000000000000000000000E /* OrderDetailView.swift */; };
		A1000000000000000000000F /* OrderStatusTracker.swift in Sources */ = {isa = PBXBuildFile; fileRef = A2000000000000000000000F /* OrderStatusTracker.swift */; };
		A10000000000000000000010 /* SharedComponents.swift in Sources */ = {isa = PBXBuildFile; fileRef = A20000000000000000000010 /* SharedComponents.swift */; };
		A10000000000000000000011 /* Assets.xcassets in Resources */ = {isa = PBXBuildFile; fileRef = A20000000000000000000011 /* Assets.xcassets */; };
/* End PBXBuildFile section */

/* Begin PBXFileReference section */
		A20000000000000000000001 /* DrKenStudioApp.swift */ = {isa = PBXFileReference; lastKnownFileType = sourcecode.swift; path = DrKenStudioApp.swift; sourceTree = "<group>"; };
		A20000000000000000000002 /* AppState.swift */ = {isa = PBXFileReference; lastKnownFileType = sourcecode.swift; path = AppState.swift; sourceTree = "<group>"; };
		A20000000000000000000003 /* Models.swift */ = {isa = PBXFileReference; lastKnownFileType = sourcecode.swift; path = Models.swift; sourceTree = "<group>"; };
		A20000000000000000000004 /* APIClient.swift */ = {isa = PBXFileReference; lastKnownFileType = sourcecode.swift; path = APIClient.swift; sourceTree = "<group>"; };
		A20000000000000000000005 /* Haptics.swift */ = {isa = PBXFileReference; lastKnownFileType = sourcecode.swift; path = Haptics.swift; sourceTree = "<group>"; };
		A20000000000000000000006 /* PushNotificationManager.swift */ = {isa = PBXFileReference; lastKnownFileType = sourcecode.swift; path = PushNotificationManager.swift; sourceTree = "<group>"; };
		A20000000000000000000007 /* AppTheme.swift */ = {isa = PBXFileReference; lastKnownFileType = sourcecode.swift; path = AppTheme.swift; sourceTree = "<group>"; };
		A20000000000000000000008 /* RootView.swift */ = {isa = PBXFileReference; lastKnownFileType = sourcecode.swift; path = RootView.swift; sourceTree = "<group>"; };
		A20000000000000000000009 /* AccountHubView.swift */ = {isa = PBXFileReference; lastKnownFileType = sourcecode.swift; path = AccountHubView.swift; sourceTree = "<group>"; };
		A2000000000000000000000A /* SettingsView.swift */ = {isa = PBXFileReference; lastKnownFileType = sourcecode.swift; path = SettingsView.swift; sourceTree = "<group>"; };
		A2000000000000000000000B /* NewOrderHomeView.swift */ = {isa = PBXFileReference; lastKnownFileType = sourcecode.swift; path = NewOrderHomeView.swift; sourceTree = "<group>"; };
		A2000000000000000000000C /* OrderWizardView.swift */ = {isa = PBXFileReference; lastKnownFileType = sourcecode.swift; path = OrderWizardView.swift; sourceTree = "<group>"; };
		A2000000000000000000000D /* OrdersHubView.swift */ = {isa = PBXFileReference; lastKnownFileType = sourcecode.swift; path = OrdersHubView.swift; sourceTree = "<group>"; };
		A2000000000000000000000E /* OrderDetailView.swift */ = {isa = PBXFileReference; lastKnownFileType = sourcecode.swift; path = OrderDetailView.swift; sourceTree = "<group>"; };
		A2000000000000000000000F /* OrderStatusTracker.swift */ = {isa = PBXFileReference; lastKnownFileType = sourcecode.swift; path = OrderStatusTracker.swift; sourceTree = "<group>"; };
		A20000000000000000000010 /* SharedComponents.swift */ = {isa = PBXFileReference; lastKnownFileType = sourcecode.swift; path = SharedComponents.swift; sourceTree = "<group>"; };
		A20000000000000000000011 /* Assets.xcassets */ = {isa = PBXFileReference; lastKnownFileType = folder.assetcatalog; path = Assets.xcassets; sourceTree = "<group>"; };
		A20000000000000000000012 /* Info.plist */ = {isa = PBXFileReference; lastKnownFileType = text.plist.xml; path = Info.plist; sourceTree = "<group>"; };
		A20000000000000000000013 /* DrKenStudio.entitlements */ = {isa = PBXFileReference; lastKnownFileType = text.plist.entitlements; path = DrKenStudio.entitlements; sourceTree = "<group>"; };
		A20000000000000000000014 /* DrKenStudio.app */ = {isa = PBXFileReference; explicitFileType = wrapper.application; includeInIndex = 0; path = DrKenStudio.app; sourceTree = BUILT_PRODUCTS_DIR; };
/* End PBXFileReference section */

/* Begin PBXFrameworksBuildPhase section */
		A30000000000000000000001 /* Frameworks */ = {
			isa = PBXFrameworksBuildPhase;
			buildActionMask = 2147483647;
			files = (
			);
			runOnlyForDeploymentPostprocessing = 0;
		};
/* End PBXFrameworksBuildPhase section */

/* Begin PBXGroup section */
		A40000000000000000000001 = {
			isa = PBXGroup;
			children = (
				A40000000000000000000002 /* DrKenStudio */,
				A40000000000000000000003 /* Products */,
			);
			sourceTree = "<group>";
		};
		A40000000000000000000002 /* DrKenStudio */ = {
			isa = PBXGroup;
			children = (
				A40000000000000000000004 /* App */,
				A40000000000000000000005 /* Models */,
				A40000000000000000000006 /* Services */,
				A40000000000000000000007 /* Theme */,
				A40000000000000000000008 /* Views */,
				A40000000000000000000009 /* Resources */,
				A20000000000000000000012 /* Info.plist */,
				A20000000000000000000013 /* DrKenStudio.entitlements */,
			);
			path = DrKenStudio;
			sourceTree = "<group>";
		};
		A40000000000000000000003 /* Products */ = {
			isa = PBXGroup;
			children = (
				A20000000000000000000014 /* DrKenStudio.app */,
			);
			name = Products;
			sourceTree = "<group>";
		};
		A40000000000000000000004 /* App */ = {
			isa = PBXGroup;
			children = (
				A20000000000000000000001 /* DrKenStudioApp.swift */,
				A20000000000000000000002 /* AppState.swift */,
			);
			path = App;
			sourceTree = "<group>";
		};
		A40000000000000000000005 /* Models */ = {
			isa = PBXGroup;
			children = (
				A20000000000000000000003 /* Models.swift */,
			);
			path = Models;
			sourceTree = "<group>";
		};
		A40000000000000000000006 /* Services */ = {
			isa = PBXGroup;
			children = (
				A20000000000000000000004 /* APIClient.swift */,
				A20000000000000000000005 /* Haptics.swift */,
				A20000000000000000000006 /* PushNotificationManager.swift */,
			);
			path = Services;
			sourceTree = "<group>";
		};
		A40000000000000000000007 /* Theme */ = {
			isa = PBXGroup;
			children = (
				A20000000000000000000007 /* AppTheme.swift */,
			);
			path = Theme;
			sourceTree = "<group>";
		};
		A40000000000000000000008 /* Views */ = {
			isa = PBXGroup;
			children = (
				A20000000000000000000008 /* RootView.swift */,
				A4000000000000000000000A /* Account */,
				A4000000000000000000000B /* Order */,
				A4000000000000000000000C /* Orders */,
				A4000000000000000000000D /* Components */,
			);
			path = Views;
			sourceTree = "<group>";
		};
		A40000000000000000000009 /* Resources */ = {
			isa = PBXGroup;
			children = (
				A20000000000000000000011 /* Assets.xcassets */,
			);
			path = Resources;
			sourceTree = "<group>";
		};
		A4000000000000000000000A /* Account */ = {
			isa = PBXGroup;
			children = (
				A20000000000000000000009 /* AccountHubView.swift */,
				A2000000000000000000000A /* SettingsView.swift */,
			);
			path = Account;
			sourceTree = "<group>";
		};
		A4000000000000000000000B /* Order */ = {
			isa = PBXGroup;
			children = (
				A2000000000000000000000B /* NewOrderHomeView.swift */,
				A2000000000000000000000C /* OrderWizardView.swift */,
			);
			path = Order;
			sourceTree = "<group>";
		};
		A4000000000000000000000C /* Orders */ = {
			isa = PBXGroup;
			children = (
				A2000000000000000000000D /* OrdersHubView.swift */,
				A2000000000000000000000E /* OrderDetailView.swift */,
			);
			path = Orders;
			sourceTree = "<group>";
		};
		A4000000000000000000000D /* Components */ = {
			isa = PBXGroup;
			children = (
				A2000000000000000000000F /* OrderStatusTracker.swift */,
				A20000000000000000000010 /* SharedComponents.swift */,
			);
			path = Components;
			sourceTree = "<group>";
		};
/* End PBXGroup section */

/* Begin PBXNativeTarget section */
		A50000000000000000000001 /* DrKenStudio */ = {
			isa = PBXNativeTarget;
			buildConfigurationList = A70000000000000000000003 /* Build configuration list for PBXNativeTarget "DrKenStudio" */;
			buildPhases = (
				A60000000000000000000001 /* Sources */,
				A30000000000000000000001 /* Frameworks */,
				A60000000000000000000002 /* Resources */,
			);
			buildRules = (
			);
			dependencies = (
			);
			name = DrKenStudio;
			productName = DrKenStudio;
			productReference = A20000000000000000000014 /* DrKenStudio.app */;
			productType = "com.apple.product-type.application";
		};
/* End PBXNativeTarget section */

/* Begin PBXProject section */
		A80000000000000000000001 /* Project object */ = {
			isa = PBXProject;
			attributes = {
				BuildIndependentTargetsInParallel = 1;
				LastSwiftUpdateCheck = 1500;
				LastUpgradeCheck = 1500;
				TargetAttributes = {
					A50000000000000000000001 = {
						CreatedOnToolsVersion = 15.0;
					};
				};
			};
			buildConfigurationList = A70000000000000000000001 /* Build configuration list for PBXProject "DrKenStudio" */;
			compatibilityVersion = "Xcode 14.0";
			developmentRegion = en;
			hasScannedForEncodings = 0;
			knownRegions = (
				en,
				Base,
			);
			mainGroup = A40000000000000000000001;
			productRefGroup = A40000000000000000000003 /* Products */;
			projectDirPath = "";
			projectRoot = "";
			targets = (
				A50000000000000000000001 /* DrKenStudio */,
			);
		};
/* End PBXProject section */

/* Begin PBXResourcesBuildPhase section */
		A60000000000000000000002 /* Resources */ = {
			isa = PBXResourcesBuildPhase;
			buildActionMask = 2147483647;
			files = (
				A10000000000000000000011 /* Assets.xcassets in Resources */,
			);
			runOnlyForDeploymentPostprocessing = 0;
		};
/* End PBXResourcesBuildPhase section */

/* Begin PBXSourcesBuildPhase section */
		A60000000000000000000001 /* Sources */ = {
			isa = PBXSourcesBuildPhase;
			buildActionMask = 2147483647;
			files = (
				A10000000000000000000001 /* DrKenStudioApp.swift in Sources */,
				A10000000000000000000002 /* AppState.swift in Sources */,
				A10000000000000000000003 /* Models.swift in Sources */,
				A10000000000000000000004 /* APIClient.swift in Sources */,
				A10000000000000000000005 /* Haptics.swift in Sources */,
				A10000000000000000000006 /* PushNotificationManager.swift in Sources */,
				A10000000000000000000007 /* AppTheme.swift in Sources */,
				A10000000000000000000008 /* RootView.swift in Sources */,
				A10000000000000000000009 /* AccountHubView.swift in Sources */,
				A1000000000000000000000A /* SettingsView.swift in Sources */,
				A1000000000000000000000B /* NewOrderHomeView.swift in Sources */,
				A1000000000000000000000C /* OrderWizardView.swift in Sources */,
				A1000000000000000000000D /* OrdersHubView.swift in Sources */,
				A1000000000000000000000E /* OrderDetailView.swift in Sources */,
				A1000000000000000000000F /* OrderStatusTracker.swift in Sources */,
				A10000000000000000000010 /* SharedComponents.swift in Sources */,
			);
			runOnlyForDeploymentPostprocessing = 0;
		};
/* End PBXSourcesBuildPhase section */

/* Begin XCBuildConfiguration section */
		A90000000000000000000001 /* Debug */ = {
			isa = XCBuildConfiguration;
			buildSettings = {
				ALWAYS_SEARCH_USER_PATHS = NO;
				CLANG_ENABLE_MODULES = YES;
				COPY_PHASE_STRIP = NO;
				DEBUG_INFORMATION_FORMAT = dwarf;
				ENABLE_STRICT_OBJC_MSGSEND = YES;
				ENABLE_TESTABILITY = YES;
				GCC_DYNAMIC_NO_PIC = NO;
				GCC_OPTIMIZATION_LEVEL = 0;
				IPHONEOS_DEPLOYMENT_TARGET = 17.0;
				MTL_ENABLE_DEBUG_INFO = INCLUDE_SOURCE;
				ONLY_ACTIVE_ARCH = YES;
				SDKROOT = iphoneos;
				SWIFT_ACTIVE_COMPILATION_CONDITIONS = DEBUG;
				SWIFT_OPTIMIZATION_LEVEL = "-Onone";
			};
			name = Debug;
		};
		A90000000000000000000002 /* Release */ = {
			isa = XCBuildConfiguration;
			buildSettings = {
				ALWAYS_SEARCH_USER_PATHS = NO;
				CLANG_ENABLE_MODULES = YES;
				COPY_PHASE_STRIP = NO;
				DEBUG_INFORMATION_FORMAT = "dwarf-with-dsym";
				ENABLE_NS_ASSERTIONS = NO;
				ENABLE_STRICT_OBJC_MSGSEND = YES;
				IPHONEOS_DEPLOYMENT_TARGET = 17.0;
				MTL_ENABLE_DEBUG_INFO = NO;
				SDKROOT = iphoneos;
				SWIFT_COMPILATION_MODE = wholemodule;
				VALIDATE_PRODUCT = YES;
			};
			name = Release;
		};
		A90000000000000000000003 /* Debug */ = {
			isa = XCBuildConfiguration;
			buildSettings = {
				ASSETCATALOG_COMPILER_APPICON_NAME = AppIcon;
				CODE_SIGN_ENTITLEMENTS = DrKenStudio/DrKenStudio.entitlements;
				CODE_SIGN_STYLE = Automatic;
				CURRENT_PROJECT_VERSION = 3;
				DEVELOPMENT_TEAM = "";
				GENERATE_INFOPLIST_FILE = YES;
				INFOPLIST_FILE = DrKenStudio/Info.plist;
				INFOPLIST_KEY_CFBundleDisplayName = "Dr. Ken Studio";
				INFOPLIST_KEY_CFBundleIconName = AppIcon;
				INFOPLIST_KEY_UIApplicationSupportsIndirectInputEvents = YES;
				INFOPLIST_KEY_UILaunchScreen_Generation = YES;
				LD_RUNPATH_SEARCH_PATHS = (
					"$(inherited)",
					"@executable_path/Frameworks",
				);
				MARKETING_VERSION = 1.0.0;
				PRODUCT_BUNDLE_IDENTIFIER = com.drkenstudio.drkenstudio;
				PRODUCT_NAME = "$(TARGET_NAME)";
				SUPPORTED_PLATFORMS = "iphoneos iphonesimulator";
				SUPPORTS_MACCATALYST = NO;
				SWIFT_EMIT_LOC_STRINGS = YES;
				SWIFT_VERSION = 5.0;
				TARGETED_DEVICE_FAMILY = "1,2";
			};
			name = Debug;
		};
		A90000000000000000000004 /* Release */ = {
			isa = XCBuildConfiguration;
			buildSettings = {
				ASSETCATALOG_COMPILER_APPICON_NAME = AppIcon;
				CODE_SIGN_ENTITLEMENTS = DrKenStudio/DrKenStudio.entitlements;
				CODE_SIGN_STYLE = Automatic;
				CURRENT_PROJECT_VERSION = 3;
				DEVELOPMENT_TEAM = "";
				GENERATE_INFOPLIST_FILE = YES;
				INFOPLIST_FILE = DrKenStudio/Info.plist;
				INFOPLIST_KEY_CFBundleDisplayName = "Dr. Ken Studio";
				INFOPLIST_KEY_CFBundleIconName = AppIcon;
				INFOPLIST_KEY_UIApplicationSupportsIndirectInputEvents = YES;
				INFOPLIST_KEY_UILaunchScreen_Generation = YES;
				LD_RUNPATH_SEARCH_PATHS = (
					"$(inherited)",
					"@executable_path/Frameworks",
				);
				MARKETING_VERSION = 1.0.0;
				PRODUCT_BUNDLE_IDENTIFIER = com.drkenstudio.drkenstudio;
				PRODUCT_NAME = "$(TARGET_NAME)";
				SUPPORTED_PLATFORMS = "iphoneos iphonesimulator";
				SUPPORTS_MACCATALYST = NO;
				SWIFT_EMIT_LOC_STRINGS = YES;
				SWIFT_VERSION = 5.0;
				TARGETED_DEVICE_FAMILY = "1,2";
			};
			name = Release;
		};
/* End XCBuildConfiguration section */

/* Begin XCConfigurationList section */
		A70000000000000000000001 /* Build configuration list for PBXProject "DrKenStudio" */ = {
			isa = XCConfigurationList;
			buildConfigurations = (
				A90000000000000000000001 /* Debug */,
				A90000000000000000000002 /* Release */,
			);
			defaultConfigurationIsVisible = 0;
			defaultConfigurationName = Release;
		};
		A70000000000000000000003 /* Build configuration list for PBXNativeTarget "DrKenStudio" */ = {
			isa = XCConfigurationList;
			buildConfigurations = (
				A90000000000000000000003 /* Debug */,
				A90000000000000000000004 /* Release */,
			);
			defaultConfigurationIsVisible = 0;
			defaultConfigurationName = Release;
		};
/* End XCConfigurationList section */
	};
	rootObject = A80000000000000000000001 /* Project object */;
}
